<?xml version="1.0" encoding="UTF-8" standalone="yes" ?>
<CodeBlocks_project_file>
	<FileVersion major="1" minor="6" />
	<Project>
		<Option title="EWU_Portal" />
		<Option pch_mode="2" />
		<Option compiler="gcc" />
		<Build>
			<Target title="Debug">
				<Option output="bin/Debug/EWU_Portal" prefix_auto="1" extension_auto="1" />
				<Option object_output="obj/Debug/" />
				<Option type="1" />
				<Option compiler="gcc" />
				<Compiler>
					<Add option="-g" />
				</Compiler>
			</Target>
			<Target title="Release">
				<Option output="bin/Release/EWU_Portal" prefix_auto="1" extension_auto="1" />
				<Option object_output="obj/Release/" />
				<Option type="1" />
				<Option compiler="gcc" />
				<Compiler>
					<Add option="-O2" />
				</Compiler>
				<Linker>
					<Add option="-s" />
				</Linker>
			</Target>
		</Build>
		<Compiler>
			<Add option="-Wall" />
		</Compiler>
		<Unit filename="Headers/Portal_Head.h" />
		<Unit filename="Headers/advisor.h" />
		<Unit filename="Headers/confliction.h" />
		<Unit filename="Headers/course.h" />
		<Unit filename="Headers/degreeview.h" />
		<Unit filename="Headers/enrolledcourse.h" />
		<Unit filename="Headers/faculty.h" />
		<Unit filename="Headers/gradereport.h" />
		<Unit filename="Headers/ledger.h" />
		<Unit filename="Headers/student.h" />
		<Unit filename="Headers/util.h" />
		<Unit filename="Portal_Headers.h" />
		<Unit filename="main.c">
			<Option compilerVar="CC" />
		</Unit>
		<Extensions>
			<lib_finder disable_auto="1" />
		</Extensions>
	</Project>
</CodeBlocks_project_file>
